
Microsoft Visual Studio Solution File, Format Version 12.00
# Visual Studio Version 17
VisualStudioVersion = 17.13.35825.156 d17.13
MinimumVisualStudioVersion = 10.0.40219.1
Project("{FAE04EC0-301F-11D3-BF4B-00C04F79EFBC}") = "CadastroClientes", "CadastroClientes\CadastroClientes.csproj", "{59E49BAE-282E-4EB8-B14B-BDE5C479CED5}"
EndProject
Global
	GlobalSection(SolutionConfigurationPlatforms) = preSolution
		Debug|Any CPU = Debug|Any CPU
		Release|Any CPU = Release|Any CPU
	EndGlobalSection
	GlobalSection(ProjectConfigurationPlatforms) = postSolution
		{59E49BAE-282E-4EB8-B14B-BDE5C479CED5}.Debug|Any CPU.ActiveCfg = Debug|Any CPU
		{59E49BAE-282E-4EB8-B14B-BDE5C479CED5}.Debug|Any CPU.Build.0 = Debug|Any CPU
		{59E49BAE-282E-4EB8-B14B-BDE5C479CED5}.Debug|Any CPU.Deploy.0 = Debug|Any CPU
		{59E49BAE-282E-4EB8-B14B-BDE5C479CED5}.Release|Any CPU.ActiveCfg = Release|Any CPU
		{59E49BAE-282E-4EB8-B14B-BDE5C479CED5}.Release|Any CPU.Build.0 = Release|Any CPU
		{59E49BAE-282E-4EB8-B14B-BDE5C479CED5}.Release|Any CPU.Deploy.0 = Release|Any CPU
	EndGlobalSection
	GlobalSection(SolutionProperties) = preSolution
		HideSolutionNode = FALSE
	EndGlobalSection
	GlobalSection(ExtensibilityGlobals) = postSolution
		SolutionGuid = {750DA96A-1007-4822-8C9A-0748D341C4EC}
	EndGlobalSection
EndGlobal
