
Microsoft Visual Studio Solution File, Format Version 12.00
# Visual Studio Version 17
VisualStudioVersion = 17.13.35825.156 d17.13
MinimumVisualStudioVersion = 10.0.40219.1
Project("{FAE04EC0-301F-11D3-BF4B-00C04F79EFBC}") = "CadastroAlunos", "CadastroAlunos.csproj", "{AF95C879-94AB-B66D-B342-338CE908849E}"
EndProject
Global
	GlobalSection(SolutionConfigurationPlatforms) = preSolution
		Debug|Any CPU = Debug|Any CPU
		Release|Any CPU = Release|Any CPU
	EndGlobalSection
	GlobalSection(ProjectConfigurationPlatforms) = postSolution
		{AF95C879-94AB-B66D-B342-338CE908849E}.Debug|Any CPU.ActiveCfg = Debug|Any CPU
		{AF95C879-94AB-B66D-B342-338CE908849E}.Debug|Any CPU.Build.0 = Debug|Any CPU
		{AF95C879-94AB-B66D-B342-338CE908849E}.Debug|Any CPU.Deploy.0 = Debug|Any CPU
		{AF95C879-94AB-B66D-B342-338CE908849E}.Release|Any CPU.ActiveCfg = Release|Any CPU
		{AF95C879-94AB-B66D-B342-338CE908849E}.Release|Any CPU.Build.0 = Release|Any CPU
		{AF95C879-94AB-B66D-B342-338CE908849E}.Release|Any CPU.Deploy.0 = Release|Any CPU
	EndGlobalSection
	GlobalSection(SolutionProperties) = preSolution
		HideSolutionNode = FALSE
	EndGlobalSection
	GlobalSection(ExtensibilityGlobals) = postSolution
		SolutionGuid = {FEA7AA96-4070-4424-BA14-C9F91D339EA8}
	EndGlobalSection
EndGlobal
