
Microsoft Visual Studio Solution File, Format Version 12.00
# Visual Studio Version 17
VisualStudioVersion = 17.13.35825.156 d17.13
MinimumVisualStudioVersion = 10.0.40219.1
Project("{FAE04EC0-301F-11D3-BF4B-00C04F79EFBC}") = "CalculadoraBasica", "CalculadoraBasica.csproj", "{9E8A53ED-414D-7697-5623-98A38A91B332}"
EndProject
Global
	GlobalSection(SolutionConfigurationPlatforms) = preSolution
		Debug|Any CPU = Debug|Any CPU
		Release|Any CPU = Release|Any CPU
	EndGlobalSection
	GlobalSection(ProjectConfigurationPlatforms) = postSolution
		{9E8A53ED-414D-7697-5623-98A38A91B332}.Debug|Any CPU.ActiveCfg = Debug|Any CPU
		{9E8A53ED-414D-7697-5623-98A38A91B332}.Debug|Any CPU.Build.0 = Debug|Any CPU
		{9E8A53ED-414D-7697-5623-98A38A91B332}.Debug|Any CPU.Deploy.0 = Debug|Any CPU
		{9E8A53ED-414D-7697-5623-98A38A91B332}.Release|Any CPU.ActiveCfg = Release|Any CPU
		{9E8A53ED-414D-7697-5623-98A38A91B332}.Release|Any CPU.Build.0 = Release|Any CPU
		{9E8A53ED-414D-7697-5623-98A38A91B332}.Release|Any CPU.Deploy.0 = Release|Any CPU
	EndGlobalSection
	GlobalSection(SolutionProperties) = preSolution
		HideSolutionNode = FALSE
	EndGlobalSection
	GlobalSection(ExtensibilityGlobals) = postSolution
		SolutionGuid = {CB20EDC6-8B3D-4044-8E8E-04EF77EC413F}
	EndGlobalSection
EndGlobal
