
Microsoft Visual Studio Solution File, Format Version 12.00
# Visual Studio Version 17
VisualStudioVersion = 17.13.35825.156 d17.13
MinimumVisualStudioVersion = 10.0.40219.1
Project("{FAE04EC0-301F-11D3-BF4B-00C04F79EFBC}") = "MenuEventos", "MenuEventos.csproj", "{65F23E94-E792-DEF1-9EBD-F2A6CFFB6010}"
EndProject
Global
	GlobalSection(SolutionConfigurationPlatforms) = preSolution
		Debug|Any CPU = Debug|Any CPU
		Release|Any CPU = Release|Any CPU
	EndGlobalSection
	GlobalSection(ProjectConfigurationPlatforms) = postSolution
		{65F23E94-E792-DEF1-9EBD-F2A6CFFB6010}.Debug|Any CPU.ActiveCfg = Debug|Any CPU
		{65F23E94-E792-DEF1-9EBD-F2A6CFFB6010}.Debug|Any CPU.Build.0 = Debug|Any CPU
		{65F23E94-E792-DEF1-9EBD-F2A6CFFB6010}.Debug|Any CPU.Deploy.0 = Debug|Any CPU
		{65F23E94-E792-DEF1-9EBD-F2A6CFFB6010}.Release|Any CPU.ActiveCfg = Release|Any CPU
		{65F23E94-E792-DEF1-9EBD-F2A6CFFB6010}.Release|Any CPU.Build.0 = Release|Any CPU
		{65F23E94-E792-DEF1-9EBD-F2A6CFFB6010}.Release|Any CPU.Deploy.0 = Release|Any CPU
	EndGlobalSection
	GlobalSection(SolutionProperties) = preSolution
		HideSolutionNode = FALSE
	EndGlobalSection
	GlobalSection(ExtensibilityGlobals) = postSolution
		SolutionGuid = {5DF20F2E-4365-486E-BDFF-2A00E4C64030}
	EndGlobalSection
EndGlobal
